// !$*UTF8*$!
{
	archiveVersion = 1;
	classes = {
	};
	objectVersion = 46;
	objects = {

/* Begin PBXBuildFile section */
		20ACFAAD1D40659200A320F9 /* main.m in Sources */ = {isa = PBXBuildFile; fileRef = 20ACFAAC1D40659200A320F9 /* main.m */; };
		20ACFAB01D40659200A320F9 /* AppDelegate.m in Sources */ = {isa = PBXBuildFile; fileRef = 20ACFAAF1D40659200A320F9 /* AppDelegate.m */; };
		20ACFAB61D40659200A320F9 /* Main.storyboard in Resources */ = {isa = PBXBuildFile; fileRef = 20ACFAB41D40659200A320F9 /* Main.storyboard */; };
		20ACFAB81D40659200A320F9 /* Assets.xcassets in Resources */ = {isa = PBXBuildFile; fileRef = 20ACFAB71D40659200A320F9 /* Assets.xcassets */; };
		20ACFABB1D40659200A320F9 /* LaunchScreen.storyboard in Resources */ = {isa = PBXBuildFile; fileRef = 20ACFAB91D40659200A320F9 /* LaunchScreen.storyboard */; };
		20ACFAC61D40659200A320F9 /* childAppTests.m in Sources */ = {isa = PBXBuildFile; fileRef = 20ACFAC51D40659200A320F9 /* childAppTests.m */; };
		20ACFAD11D40659200A320F9 /* childAppUITests.m in Sources */ = {isa = PBXBuildFile; fileRef = 20ACFAD01D40659200A320F9 /* childAppUITests.m */; };
		20ACFAE01D40664B00A320F9 /* ChildAppViewController.m in Sources */ = {isa = PBXBuildFile; fileRef = 20ACFADF1D40664B00A320F9 /* ChildAppViewController.m */; };
		20ACFB611D47B50400A320F9 /* LocationReportedViewController.m in Sources */ = {isa = PBXBuildFile; fileRef = 20ACFB601D47B50400A320F9 /* LocationReportedViewController.m */; };
/* End PBXBuildFile section */

/* Begin PBXContainerItemProxy section */
		20ACFAC21D40659200A320F9 /* PBXContainerItemProxy */ = {
			isa = PBXContainerItemProxy;
			containerPortal = 20ACFAA01D40659200A320F9 /* Project object */;
			proxyType = 1;
			remoteGlobalIDString = 20ACFAA71D40659200A320F9;
			remoteInfo = childApp;
		};
		20ACFACD1D40659200A320F9 /* PBXContainerItemProxy */ = {
			isa = PBXContainerItemProxy;
			containerPortal = 20ACFAA01D40659200A320F9 /* Project object */;
			proxyType = 1;
			remoteGlobalIDString = 20ACFAA71D40659200A320F9;
			remoteInfo = childApp;
		};
/* End PBXContainerItemProxy section */

/* Begin PBXFileReference section */
		20ACFAA81D40659200A320F9 /* childApp.app */ = {isa = PBXFileReference; explicitFileType = wrapper.application; includeInIndex = 0; path = childApp.app; sourceTree = BUILT_PRODUCTS_DIR; };
		20ACFAAC1D40659200A320F9 /* main.m */ = {isa = PBXFileReference; lastKnownFileType = sourcecode.c.objc; path = main.m; sourceTree = "<group>"; };
		20ACFAAE1D40659200A320F9 /* AppDelegate.h */ = {isa = PBXFileReference; lastKnownFileType = sourcecode.c.h; path = AppDelegate.h; sourceTree = "<group>"; };
		20ACFAAF1D40659200A320F9 /* AppDelegate.m */ = {isa = PBXFileReference; lastKnownFileType = sourcecode.c.objc; path = AppDelegate.m; sourceTree = "<group>"; };
		20ACFAB51D40659200A320F9 /* Base */ = {isa = PBXFileReference; lastKnownFileType = file.storyboard; name = Base; path = Base.lproj/Main.storyboard; sourceTree = "<group>"; };
		20ACFAB71D40659200A320F9 /* Assets.xcassets */ = {isa = PBXFileReference; lastKnownFileType = folder.assetcatalog; path = Assets.xcassets; sourceTree = "<group>"; };
		20ACFABA1D40659200A320F9 /* Base */ = {isa = PBXFileReference; lastKnownFileType = file.storyboard; name = Base; path = Base.lproj/LaunchScreen.storyboard; sourceTree = "<group>"; };
		20ACFABC1D40659200A320F9 /* Info.plist */ = {isa = PBXFileReference; lastKnownFileType = text.plist.xml; path = Info.plist; sourceTree = "<group>"; };
		20ACFAC11D40659200A320F9 /* childAppTests.xctest */ = {isa = PBXFileReference; explicitFileType = wrapper.cfbundle; includeInIndex = 0; path = childAppTests.xctest; sourceTree = BUILT_PRODUCTS_DIR; };
		20ACFAC51D40659200A320F9 /* childAppTests.m */ = {isa = PBXFileReference; lastKnownFileType = sourcecode.c.objc; path = childAppTests.m; sourceTree = "<group>"; };
		20ACFAC71D40659200A320F9 /* Info.plist */ = {isa = PBXFileReference; lastKnownFileType = text.plist.xml; path = Info.plist; sourceTree = "<group>"; };
		20ACFACC1D40659200A320F9 /* childAppUITests.xctest */ = {isa = PBXFileReference; explicitFileType = wrapper.cfbundle; includeInIndex = 0; path = childAppUITests.xctest; sourceTree = BUILT_PRODUCTS_DIR; };
		20ACFAD01D40659200A320F9 /* childAppUITests.m */ = {isa = PBXFileReference; lastKnownFileType = sourcecode.c.objc; path = childAppUITests.m; sourceTree = "<group>"; };
		20ACFAD21D40659200A320F9 /* Info.plist */ = {isa = PBXFileReference; lastKnownFileType = text.plist.xml; path = Info.plist; sourceTree = "<group>"; };
		20ACFADE1D40664B00A320F9 /* ChildAppViewController.h */ = {isa = PBXFileReference; fileEncoding = 4; lastKnownFileType = sourcecode.c.h; path = ChildAppViewController.h; sourceTree = "<group>"; };
		20ACFADF1D40664B00A320F9 /* ChildAppViewController.m */ = {isa = PBXFileReference; fileEncoding = 4; lastKnownFileType = sourcecode.c.objc; path = ChildAppViewController.m; sourceTree = "<group>"; };
		20ACFB5F1D47B50400A320F9 /* LocationReportedViewController.h */ = {isa = PBXFileReference; fileEncoding = 4; lastKnownFileType = sourcecode.c.h; path = LocationReportedViewController.h; sourceTree = "<group>"; };
		20ACFB601D47B50400A320F9 /* LocationReportedViewController.m */ = {isa = PBXFileReference; fileEncoding = 4; lastKnownFileType = sourcecode.c.objc; path = LocationReportedViewController.m; sourceTree = "<group>"; };
/* End PBXFileReference section */

/* Begin PBXFrameworksBuildPhase section */
		20ACFAA51D40659200A320F9 /* Frameworks */ = {
			isa = PBXFrameworksBuildPhase;
			buildActionMask = 2147483647;
			files = (
			);
			runOnlyForDeploymentPostprocessing = 0;
		};
		20ACFABE1D40659200A320F9 /* Frameworks */ = {
			isa = PBXFrameworksBuildPhase;
			buildActionMask = 2147483647;
			files = (
			);
			runOnlyForDeploymentPostprocessing = 0;
		};
		20ACFAC91D40659200A320F9 /* Frameworks */ = {
			isa = PBXFrameworksBuildPhase;
			buildActionMask = 2147483647;
			files = (
			);
			runOnlyForDeploymentPostprocessing = 0;
		};
/* End PBXFrameworksBuildPhase section */

/* Begin PBXGroup section */
		20ACFA9F1D40659200A320F9 = {
			isa = PBXGroup;
			children = (
				20ACFAAA1D40659200A320F9 /* childApp */,
				20ACFAC41D40659200A320F9 /* childAppTests */,
				20ACFACF1D40659200A320F9 /* childAppUITests */,
				20ACFAA91D40659200A320F9 /* Products */,
			);
			sourceTree = "<group>";
		};
		20ACFAA91D40659200A320F9 /* Products */ = {
			isa = PBXGroup;
			children = (
				20ACFAA81D40659200A320F9 /* childApp.app */,
				20ACFAC11D40659200A320F9 /* childAppTests.xctest */,
				20ACFACC1D40659200A320F9 /* childAppUITests.xctest */,
			);
			name = Products;
			sourceTree = "<group>";
		};
		20ACFAAA1D40659200A320F9 /* childApp */ = {
			isa = PBXGroup;
			children = (
				20ACFAAE1D40659200A320F9 /* AppDelegate.h */,
				20ACFAAF1D40659200A320F9 /* AppDelegate.m */,
				20ACFADE1D40664B00A320F9 /* ChildAppViewController.h */,
				20ACFADF1D40664B00A320F9 /* ChildAppViewController.m */,
				20ACFAB41D40659200A320F9 /* Main.storyboard */,
				20ACFB5F1D47B50400A320F9 /* LocationReportedViewController.h */,
				20ACFB601D47B50400A320F9 /* LocationReportedViewController.m */,
				20ACFAB71D40659200A320F9 /* Assets.xcassets */,
				20ACFAB91D40659200A320F9 /* LaunchScreen.storyboard */,
				20ACFABC1D40659200A320F9 /* Info.plist */,
				20ACFAAB1D40659200A320F9 /* Supporting Files */,
			);
			path = childApp;
			sourceTree = "<group>";
		};
		20ACFAAB1D40659200A320F9 /* Supporting Files */ = {
			isa = PBXGroup;
			children = (
				20ACFAAC1D40659200A320F9 /* main.m */,
			);
			name = "Supporting Files";
			sourceTree = "<group>";
		};
		20ACFAC41D40659200A320F9 /* childAppTests */ = {
			isa = PBXGroup;
			children = (
				20ACFAC51D40659200A320F9 /* childAppTests.m */,
				20ACFAC71D40659200A320F9 /* Info.plist */,
			);
			path = childAppTests;
			sourceTree = "<group>";
		};
		20ACFACF1D40659200A320F9 /* childAppUITests */ = {
			isa = PBXGroup;
			children = (
				20ACFAD01D40659200A320F9 /* childAppUITests.m */,
				20ACFAD21D40659200A320F9 /* Info.plist */,
			);
			path = childAppUITests;
			sourceTree = "<group>";
		};
/* End PBXGroup section */

/* Begin PBXNativeTarget section */
		20ACFAA71D40659200A320F9 /* childApp */ = {
			isa = PBXNativeTarget;
			buildConfigurationList = 20ACFAD51D40659200A320F9 /* Build configuration list for PBXNativeTarget "childApp" */;
			buildPhases = (
				20ACFAA41D40659200A320F9 /* Sources */,
				20ACFAA51D40659200A320F9 /* Frameworks */,
				20ACFAA61D40659200A320F9 /* Resources */,
			);
			buildRules = (
			);
			dependencies = (
			);
			name = childApp;
			productName = childApp;
			productReference = 20ACFAA81D40659200A320F9 /* childApp.app */;
			productType = "com.apple.product-type.application";
		};
		20ACFAC01D40659200A320F9 /* childAppTests */ = {
			isa = PBXNativeTarget;
			buildConfigurationList = 20ACFAD81D40659200A320F9 /* Build configuration list for PBXNativeTarget "childAppTests" */;
			buildPhases = (
				20ACFABD1D40659200A320F9 /* Sources */,
				20ACFABE1D40659200A320F9 /* Frameworks */,
				20ACFABF1D40659200A320F9 /* Resources */,
			);
			buildRules = (
			);
			dependencies = (
				20ACFAC31D40659200A320F9 /* PBXTargetDependency */,
			);
			name = childAppTests;
			productName = childAppTests;
			productReference = 20ACFAC11D40659200A320F9 /* childAppTests.xctest */;
			productType = "com.apple.product-type.bundle.unit-test";
		};
		20ACFACB1D40659200A320F9 /* childAppUITests */ = {
			isa = PBXNativeTarget;
			buildConfigurationList = 20ACFADB1D40659200A320F9 /* Build configuration list for PBXNativeTarget "childAppUITests" */;
			buildPhases = (
				20ACFAC81D40659200A320F9 /* Sources */,
				20ACFAC91D40659200A320F9 /* Frameworks */,
				20ACFACA1D40659200A320F9 /* Resources */,
			);
			buildRules = (
			);
			dependencies = (
				20ACFACE1D40659200A320F9 /* PBXTargetDependency */,
			);
			name = childAppUITests;
			productName = childAppUITests;
			productReference = 20ACFACC1D40659200A320F9 /* childAppUITests.xctest */;
			productType = "com.apple.product-type.bundle.ui-testing";
		};
/* End PBXNativeTarget section */

/* Begin PBXProject section */
		20ACFAA01D40659200A320F9 /* Project object */ = {
			isa = PBXProject;
			attributes = {
				LastUpgradeCheck = 0730;
				ORGANIZATIONNAME = "chutima mungmee";
				TargetAttributes = {
					20ACFAA71D40659200A320F9 = {
						CreatedOnToolsVersion = 7.3.1;
					};
					20ACFAC01D40659200A320F9 = {
						CreatedOnToolsVersion = 7.3.1;
						TestTargetID = 20ACFAA71D40659200A320F9;
					};
					20ACFACB1D40659200A320F9 = {
						CreatedOnToolsVersion = 7.3.1;
						TestTargetID = 20ACFAA71D40659200A320F9;
					};
				};
			};
			buildConfigurationList = 20ACFAA31D40659200A320F9 /* Build configuration list for PBXProject "childApp" */;
			compatibilityVersion = "Xcode 3.2";
			developmentRegion = English;
			hasScannedForEncodings = 0;
			knownRegions = (
				en,
				Base,
			);
			mainGroup = 20ACFA9F1D40659200A320F9;
			productRefGroup = 20ACFAA91D40659200A320F9 /* Products */;
			projectDirPath = "";
			projectRoot = "";
			targets = (
				20ACFAA71D40659200A320F9 /* childApp */,
				20ACFAC01D40659200A320F9 /* childAppTests */,
				20ACFACB1D40659200A320F9 /* childAppUITests */,
			);
		};
/* End PBXProject section */

/* Begin PBXResourcesBuildPhase section */
		20ACFAA61D40659200A320F9 /* Resources */ = {
			isa = PBXResourcesBuildPhase;
			buildActionMask = 2147483647;
			files = (
				20ACFABB1D40659200A320F9 /* LaunchScreen.storyboard in Resources */,
				20ACFAB81D40659200A320F9 /* Assets.xcassets in Resources */,
				20ACFAB61D40659200A320F9 /* Main.storyboard in Resources */,
			);
			runOnlyForDeploymentPostprocessing = 0;
		};
		20ACFABF1D40659200A320F9 /* Resources */ = {
			isa = PBXResourcesBuildPhase;
			buildActionMask = 2147483647;
			files = (
			);
			runOnlyForDeploymentPostprocessing = 0;
		};
		20ACFACA1D40659200A320F9 /* Resources */ = {
			isa = PBXResourcesBuildPhase;
			buildActionMask = 2147483647;
			files = (
			);
			runOnlyForDeploymentPostprocessing = 0;
		};
/* End PBXResourcesBuildPhase section */

/* Begin PBXSourcesBuildPhase section */
		20ACFAA41D40659200A320F9 /* Sources */ = {
			isa = PBXSourcesBuildPhase;
			buildActionMask = 2147483647;
			files = (
				20ACFB611D47B50400A320F9 /* LocationReportedViewController.m in Sources */,
				20ACFAB01D40659200A320F9 /* AppDelegate.m in Sources */,
				20ACFAAD1D40659200A320F9 /* main.m in Sources */,
				20ACFAE01D40664B00A320F9 /* ChildAppViewController.m in Sources */,
			);
			runOnlyForDeploymentPostprocessing = 0;
		};
		20ACFABD1D40659200A320F9 /* Sources */ = {
			isa = PBXSourcesBuildPhase;
			buildActionMask = 2147483647;
			files = (
				20ACFAC61D40659200A320F9 /* childAppTests.m in Sources */,
			);
			runOnlyForDeploymentPostprocessing = 0;
		};
		20ACFAC81D40659200A320F9 /* Sources */ = {
			isa = PBXSourcesBuildPhase;
			buildActionMask = 2147483647;
			files = (
				20ACFAD11D40659200A320F9 /* childAppUITests.m in Sources */,
			);
			runOnlyForDeploymentPostprocessing = 0;
		};
/* End PBXSourcesBuildPhase section */

/* Begin PBXTargetDependency section */
		20ACFAC31D40659200A320F9 /* PBXTargetDependency */ = {
			isa = PBXTargetDependency;
			target = 20ACFAA71D40659200A320F9 /* childApp */;
			targetProxy = 20ACFAC21D40659200A320F9 /* PBXContainerItemProxy */;
		};
		20ACFACE1D40659200A320F9 /* PBXTargetDependency */ = {
			isa = PBXTargetDependency;
			target = 20ACFAA71D40659200A320F9 /* childApp */;
			targetProxy = 20ACFACD1D40659200A320F9 /* PBXContainerItemProxy */;
		};
/* End PBXTargetDependency section */

/* Begin PBXVariantGroup section */
		20ACFAB41D40659200A320F9 /* Main.storyboard */ = {
			isa = PBXVariantGroup;
			children = (
				20ACFAB51D40659200A320F9 /* Base */,
			);
			name = Main.storyboard;
			sourceTree = "<group>";
		};
		20ACFAB91D40659200A320F9 /* LaunchScreen.storyboard */ = {
			isa = PBXVariantGroup;
			children = (
				20ACFABA1D40659200A320F9 /* Base */,
			);
			name = LaunchScreen.storyboard;
			sourceTree = "<group>";
		};
/* End PBXVariantGroup section */

/* Begin XCBuildConfiguration section */
		20ACFAD31D40659200A320F9 /* Debug */ = {
			isa = XCBuildConfiguration;
			buildSettings = {
				ALWAYS_SEARCH_USER_PATHS = NO;
				CLANG_ANALYZER_NONNULL = YES;
				CLANG_CXX_LANGUAGE_STANDARD = "gnu++0x";
				CLANG_CXX_LIBRARY = "libc++";
				CLANG_ENABLE_MODULES = YES;
				CLANG_ENABLE_OBJC_ARC = YES;
				CLANG_WARN_BOOL_CONVERSION = YES;
				CLANG_WARN_CONSTANT_CONVERSION = YES;
				CLANG_WARN_DIRECT_OBJC_ISA_USAGE = YES_ERROR;
				CLANG_WARN_EMPTY_BODY = YES;
				CLANG_WARN_ENUM_CONVERSION = YES;
				CLANG_WARN_INT_CONVERSION = YES;
				CLANG_WARN_OBJC_ROOT_CLASS = YES_ERROR;
				CLANG_WARN_UNREACHABLE_CODE = YES;
				CLANG_WARN__DUPLICATE_METHOD_MATCH = YES;
				"CODE_SIGN_IDENTITY[sdk=iphoneos*]" = "iPhone Developer";
				COPY_PHASE_STRIP = NO;
				DEBUG_INFORMATION_FORMAT = dwarf;
				ENABLE_STRICT_OBJC_MSGSEND = YES;
				ENABLE_TESTABILITY = YES;
				GCC_C_LANGUAGE_STANDARD = gnu99;
				GCC_DYNAMIC_NO_PIC = NO;
				GCC_NO_COMMON_BLOCKS = YES;
				GCC_OPTIMIZATION_LEVEL = 0;
				GCC_PREPROCESSOR_DEFINITIONS = (
					"DEBUG=1",
					"$(inherited)",
				);
				GCC_WARN_64_TO_32_BIT_CONVERSION = YES;
				GCC_WARN_ABOUT_RETURN_TYPE = YES_ERROR;
				GCC_WARN_UNDECLARED_SELECTOR = YES;
				GCC_WARN_UNINITIALIZED_AUTOS = YES_AGGRESSIVE;
				GCC_WARN_UNUSED_FUNCTION = YES;
				GCC_WARN_UNUSED_VARIABLE = YES;
				IPHONEOS_DEPLOYMENT_TARGET = 9.3;
				MTL_ENABLE_DEBUG_INFO = YES;
				ONLY_ACTIVE_ARCH = YES;
				SDKROOT = iphoneos;
				TARGETED_DEVICE_FAMILY = "1,2";
			};
			name = Debug;
		};
		20ACFAD41D40659200A320F9 /* Release */ = {
			isa = XCBuildConfiguration;
			buildSettings = {
				ALWAYS_SEARCH_USER_PATHS = NO;
				CLANG_ANALYZER_NONNULL = YES;
				CLANG_CXX_LANGUAGE_STANDARD = "gnu++0x";
				CLANG_CXX_LIBRARY = "libc++";
				CLANG_ENABLE_MODULES = YES;
				CLANG_ENABLE_OBJC_ARC = YES;
				CLANG_WARN_BOOL_CONVERSION = YES;
				CLANG_WARN_CONSTANT_CONVERSION = YES;
				CLANG_WARN_DIRECT_OBJC_ISA_USAGE = YES_ERROR;
				CLANG_WARN_EMPTY_BODY = YES;
				CLANG_WARN_ENUM_CONVERSION = YES;
				CLANG_WARN_INT_CONVERSION = YES;
				CLANG_WARN_OBJC_ROOT_CLASS = YES_ERROR;
				CLANG_WARN_UNREACHABLE_CODE = YES;
				CLANG_WARN__DUPLICATE_METHOD_MATCH = YES;
				"CODE_SIGN_IDENTITY[sdk=iphoneos*]" = "iPhone Developer";
				COPY_PHASE_STRIP = NO;
				DEBUG_INFORMATION_FORMAT = "dwarf-with-dsym";
				ENABLE_NS_ASSERTIONS = NO;
				ENABLE_STRICT_OBJC_MSGSEND = YES;
				GCC_C_LANGUAGE_STANDARD = gnu99;
				GCC_NO_COMMON_BLOCKS = YES;
				GCC_WARN_64_TO_32_BIT_CONVERSION = YES;
				GCC_WARN_ABOUT_RETURN_TYPE = YES_ERROR;
				GCC_WARN_UNDECLARED_SELECTOR = YES;
				GCC_WARN_UNINITIALIZED_AUTOS = YES_AGGRESSIVE;
				GCC_WARN_UNUSED_FUNCTION = YES;
				GCC_WARN_UNUSED_VARIABLE = YES;
				IPHONEOS_DEPLOYMENT_TARGET = 9.3;
				MTL_ENABLE_DEBUG_INFO = NO;
				SDKROOT = iphoneos;
				TARGETED_DEVICE_FAMILY = "1,2";
				VALIDATE_PRODUCT = YES;
			};
			name = Release;
		};
		20ACFAD61D40659200A320F9 /* Debug */ = {
			isa = XCBuildConfiguration;
			buildSettings = {
				ASSETCATALOG_COMPILER_APPICON_NAME = AppIcon;
				INFOPLIST_FILE = childApp/Info.plist;
				LD_RUNPATH_SEARCH_PATHS = "$(inherited) @executable_path/Frameworks";
				PRODUCT_BUNDLE_IDENTIFIER = baanGamestudio.com.childApp;
				PRODUCT_NAME = "$(TARGET_NAME)";
			};
			name = Debug;
		};
		20ACFAD71D40659200A320F9 /* Release */ = {
			isa = XCBuildConfiguration;
			buildSettings = {
				ASSETCATALOG_COMPILER_APPICON_NAME = AppIcon;
				INFOPLIST_FILE = childApp/Info.plist;
				LD_RUNPATH_SEARCH_PATHS = "$(inherited) @executable_path/Frameworks";
				PRODUCT_BUNDLE_IDENTIFIER = baanGamestudio.com.childApp;
				PRODUCT_NAME = "$(TARGET_NAME)";
			};
			name = Release;
		};
		20ACFAD91D40659200A320F9 /* Debug */ = {
			isa = XCBuildConfiguration;
			buildSettings = {
				BUNDLE_LOADER = "$(TEST_HOST)";
				INFOPLIST_FILE = childAppTests/Info.plist;
				LD_RUNPATH_SEARCH_PATHS = "$(inherited) @executable_path/Frameworks @loader_path/Frameworks";
				PRODUCT_BUNDLE_IDENTIFIER = baanGamestudio.com.childAppTests;
				PRODUCT_NAME = "$(TARGET_NAME)";
				TEST_HOST = "$(BUILT_PRODUCTS_DIR)/childApp.app/childApp";
			};
			name = Debug;
		};
		20ACFADA1D40659200A320F9 /* Release */ = {
			isa = XCBuildConfiguration;
			buildSettings = {
				BUNDLE_LOADER = "$(TEST_HOST)";
				INFOPLIST_FILE = childAppTests/Info.plist;
				LD_RUNPATH_SEARCH_PATHS = "$(inherited) @executable_path/Frameworks @loader_path/Frameworks";
				PRODUCT_BUNDLE_IDENTIFIER = baanGamestudio.com.childAppTests;
				PRODUCT_NAME = "$(TARGET_NAME)";
				TEST_HOST = "$(BUILT_PRODUCTS_DIR)/childApp.app/childApp";
			};
			name = Release;
		};
		20ACFADC1D40659200A320F9 /* Debug */ = {
			isa = XCBuildConfiguration;
			buildSettings = {
				INFOPLIST_FILE = childAppUITests/Info.plist;
				LD_RUNPATH_SEARCH_PATHS = "$(inherited) @executable_path/Frameworks @loader_path/Frameworks";
				PRODUCT_BUNDLE_IDENTIFIER = baanGamestudio.com.childAppUITests;
				PRODUCT_NAME = "$(TARGET_NAME)";
				TEST_TARGET_NAME = childApp;
			};
			name = Debug;
		};
		20ACFADD1D40659200A320F9 /* Release */ = {
			isa = XCBuildConfiguration;
			buildSettings = {
				INFOPLIST_FILE = childAppUITests/Info.plist;
				LD_RUNPATH_SEARCH_PATHS = "$(inherited) @executable_path/Frameworks @loader_path/Frameworks";
				PRODUCT_BUNDLE_IDENTIFIER = baanGamestudio.com.childAppUITests;
				PRODUCT_NAME = "$(TARGET_NAME)";
				TEST_TARGET_NAME = childApp;
			};
			name = Release;
		};
/* End XCBuildConfiguration section */

/* Begin XCConfigurationList section */
		20ACFAA31D40659200A320F9 /* Build configuration list for PBXProject "childApp" */ = {
			isa = XCConfigurationList;
			buildConfigurations = (
				20ACFAD31D40659200A320F9 /* Debug */,
				20ACFAD41D40659200A320F9 /* Release */,
			);
			defaultConfigurationIsVisible = 0;
			defaultConfigurationName = Release;
		};
		20ACFAD51D40659200A320F9 /* Build configuration list for PBXNativeTarget "childApp" */ = {
			isa = XCConfigurationList;
			buildConfigurations = (
				20ACFAD61D40659200A320F9 /* Debug */,
				20ACFAD71D40659200A320F9 /* Release */,
			);
			defaultConfigurationIsVisible = 0;
			defaultConfigurationName = Release;
		};
		20ACFAD81D40659200A320F9 /* Build configuration list for PBXNativeTarget "childAppTests" */ = {
			isa = XCConfigurationList;
			buildConfigurations = (
				20ACFAD91D40659200A320F9 /* Debug */,
				20ACFADA1D40659200A320F9 /* Release */,
			);
			defaultConfigurationIsVisible = 0;
			defaultConfigurationName = Release;
		};
		20ACFADB1D40659200A320F9 /* Build configuration list for PBXNativeTarget "childAppUITests" */ = {
			isa = XCConfigurationList;
			buildConfigurations = (
				20ACFADC1D40659200A320F9 /* Debug */,
				20ACFADD1D40659200A320F9 /* Release */,
			);
			defaultConfigurationIsVisible = 0;
			defaultConfigurationName = Release;
		};
/* End XCConfigurationList section */
	};
	rootObject = 20ACFAA01D40659200A320F9 /* Project object */;
}
